
Microsoft Visual Studio Solution File, Format Version 12.00
# Visual Studio Version 17
VisualStudioVersion = 17.10.35013.160
MinimumVisualStudioVersion = 10.0.40219.1
Project("{2150E333-8FDC-42A3-9474-1A3956D46DE8}") = "Bets", "Bets", "{0A74AFBF-30F1-45B3-8186-0501686CF892}"
EndProject
Project("{2150E333-8FDC-42A3-9474-1A3956D46DE8}") = "Wallets", "Wallets", "{468D48AE-C2F3-4F51-85BE-1EC0F4C3D000}"
EndProject
Project("{2150E333-8FDC-42A3-9474-1A3956D46DE8}") = "Customers", "Customers", "{20DBBD99-3434-4C7D-AAF9-202E5BC7E304}"
EndProject
Project("{9A19103F-16F7-4668-BE54-9A1E7A4F7556}") = "Wallets.Core", "Wallets.Core\Wallets.Core.csproj", "{3CE831B4-B1EB-4C3B-9003-1668BB3A6226}"
EndProject
Project("{9A19103F-16F7-4668-BE54-9A1E7A4F7556}") = "Wallets.Infrastructure", "Wallets.Infrastructure\Wallets.Infrastructure.csproj", "{F38C0285-AC57-43E3-AF9D-D33CBB587CB7}"
EndProject
Project("{2150E333-8FDC-42A3-9474-1A3956D46DE8}") = "Shared", "Shared", "{F7D572F8-5342-4EB3-A545-D336D27A5971}"
EndProject
Project("{9A19103F-16F7-4668-BE54-9A1E7A4F7556}") = "Wallets.Application", "Wallets.Application\Wallets.Application.csproj", "{AB12FB4D-F392-45B3-B277-03A30386F822}"
EndProject
Project("{9A19103F-16F7-4668-BE54-9A1E7A4F7556}") = "Application.Shared", "Application.Shared\Application.Shared.csproj", "{7AD3DC96-543E-4151-8A0B-34B9021C84A5}"
EndProject
Project("{9A19103F-16F7-4668-BE54-9A1E7A4F7556}") = "Infrastructure.Shared", "Infrastructure.Shared\Infrastructure.Shared.csproj", "{EA4D9376-B426-41E2-848F-716A072F281C}"
EndProject
Project("{9A19103F-16F7-4668-BE54-9A1E7A4F7556}") = "Core.Shared", "Core.Shared\Core.Shared.csproj", "{82427EC9-2C7A-40F4-87AB-CE47CF33F9B5}"
EndProject
Project("{9A19103F-16F7-4668-BE54-9A1E7A4F7556}") = "Wallets.Workers", "Wallets.Workers\Wallets.Workers.csproj", "{4D8F7A5B-3789-4CFF-A1BD-8469AF48609E}"
EndProject
Project("{9A19103F-16F7-4668-BE54-9A1E7A4F7556}") = "Bets.Application", "Bets.Application\Bets.Application.csproj", "{0D686781-F1D5-405C-865E-DFCD4516EB0F}"
EndProject
Project("{9A19103F-16F7-4668-BE54-9A1E7A4F7556}") = "Bets.Core", "Bets.Core\Bets.Core.csproj", "{EF526B89-60BB-480B-9D5E-891C30899C74}"
EndProject
Project("{9A19103F-16F7-4668-BE54-9A1E7A4F7556}") = "Bets.Infrastructure", "Bets.Infrastructure\Bets.Infrastructure.csproj", "{207074F8-6E73-40AF-8502-816FAC109DC4}"
EndProject
Project("{9A19103F-16F7-4668-BE54-9A1E7A4F7556}") = "Bets.Workers", "Bets.Workers\Bets.Workers.csproj", "{DDDDA175-6F3F-499B-ACB2-C579AA656EEB}"
EndProject
Project("{9A19103F-16F7-4668-BE54-9A1E7A4F7556}") = "Wallets.Api", "Wallets.Api\Wallets.Api.csproj", "{35690040-AA46-40C7-B135-4F1F3A5F83F4}"
EndProject
Project("{9A19103F-16F7-4668-BE54-9A1E7A4F7556}") = "Bets.Api", "Bets.Api\Bets.Api.csproj", "{B8CB80D5-98F7-4186-A2A3-54E390A29F1F}"
EndProject
Project("{9A19103F-16F7-4668-BE54-9A1E7A4F7556}") = "Wallets.Contracts", "Wallets.Contracts\Wallets.Contracts.csproj", "{36EF531A-787C-47AC-9A0D-E7D5E0FD0C28}"
EndProject
Project("{9A19103F-16F7-4668-BE54-9A1E7A4F7556}") = "Bets.Contracts", "Bets.Contracts\Bets.Contracts.csproj", "{F94FC4DA-9F15-4387-A275-092D2AD3D090}"
EndProject
Project("{2150E333-8FDC-42A3-9474-1A3956D46DE8}") = "Risks", "Risks", "{0D7F5D95-184F-47A4-84A8-E1A636964BC2}"
EndProject
Project("{2150E333-8FDC-42A3-9474-1A3956D46DE8}") = "Limits", "Limits", "{79E2AFB2-EED1-4D9D-B2DD-44D6EB8A40BF}"
EndProject
Project("{FAE04EC0-301F-11D3-BF4B-00C04F79EFBC}") = "Risks.Workers", "Risks.Workers\Risks.Workers.csproj", "{35E63005-6AD5-486F-B6FB-7D22F627B9B8}"
EndProject
Project("{FAE04EC0-301F-11D3-BF4B-00C04F79EFBC}") = "Risks.Api", "Risks.Api\Risks.Api.csproj", "{EAA54511-736B-45EB-9899-57FA8BDD3174}"
EndProject
Project("{FAE04EC0-301F-11D3-BF4B-00C04F79EFBC}") = "Risks.Application", "Risks.Application\Risks.Application.csproj", "{D15A9BEA-7261-4478-897E-972607990A7A}"
EndProject
Project("{FAE04EC0-301F-11D3-BF4B-00C04F79EFBC}") = "Limits.Application", "Limits.Application\Limits.Application.csproj", "{997D6C52-4D55-4490-A466-7B31E8502D39}"
EndProject
Project("{FAE04EC0-301F-11D3-BF4B-00C04F79EFBC}") = "Limits.Contracts", "Limits.Contracts\Limits.Contracts.csproj", "{00C3A77D-EBBE-408E-9599-6034676E1ED1}"
EndProject
Project("{FAE04EC0-301F-11D3-BF4B-00C04F79EFBC}") = "Limits.Workers", "Limits.Workers\Limits.Workers.csproj", "{0BAF1990-15FC-471F-B14D-3291FB5C2EB7}"
EndProject
Project("{FAE04EC0-301F-11D3-BF4B-00C04F79EFBC}") = "Limits.Api", "Limits.Api\Limits.Api.csproj", "{E255B51F-DF33-422C-88F8-009D003F8A29}"
EndProject
Project("{FAE04EC0-301F-11D3-BF4B-00C04F79EFBC}") = "Risks.Contracts", "Risks.Contracts\Risks.Contracts.csproj", "{76DAC189-9D96-4F92-BE55-DABD28337D88}"
EndProject
Project("{FAE04EC0-301F-11D3-BF4B-00C04F79EFBC}") = "Customers.Api", "Customers.Api\Customers.Api.csproj", "{1B6F9D76-CF19-4142-8822-82418EA23A0A}"
EndProject
Project("{FAE04EC0-301F-11D3-BF4B-00C04F79EFBC}") = "Customers.Application", "Customers.Application\Customers.Application.csproj", "{E3D5C9C8-B8B5-4960-97B0-58C0FDE5A4A8}"
EndProject
Project("{FAE04EC0-301F-11D3-BF4B-00C04F79EFBC}") = "Customers.Contracts", "Customers.Contracts\Customers.Contracts.csproj", "{D2D01FC3-0F63-4849-A852-FBE378B60B25}"
EndProject
Project("{FAE04EC0-301F-11D3-BF4B-00C04F79EFBC}") = "Customers.Workers", "Customers.Workers\Customers.Workers.csproj", "{D72C06E9-9B94-4179-B46B-A47322CD617B}"
EndProject
Global
	GlobalSection(SolutionConfigurationPlatforms) = preSolution
		Debug|Any CPU = Debug|Any CPU
		Release|Any CPU = Release|Any CPU
	EndGlobalSection
	GlobalSection(ProjectConfigurationPlatforms) = postSolution
		{3CE831B4-B1EB-4C3B-9003-1668BB3A6226}.Debug|Any CPU.ActiveCfg = Debug|Any CPU
		{3CE831B4-B1EB-4C3B-9003-1668BB3A6226}.Debug|Any CPU.Build.0 = Debug|Any CPU
		{3CE831B4-B1EB-4C3B-9003-1668BB3A6226}.Release|Any CPU.ActiveCfg = Release|Any CPU
		{3CE831B4-B1EB-4C3B-9003-1668BB3A6226}.Release|Any CPU.Build.0 = Release|Any CPU
		{F38C0285-AC57-43E3-AF9D-D33CBB587CB7}.Debug|Any CPU.ActiveCfg = Debug|Any CPU
		{F38C0285-AC57-43E3-AF9D-D33CBB587CB7}.Debug|Any CPU.Build.0 = Debug|Any CPU
		{F38C0285-AC57-43E3-AF9D-D33CBB587CB7}.Release|Any CPU.ActiveCfg = Release|Any CPU
		{F38C0285-AC57-43E3-AF9D-D33CBB587CB7}.Release|Any CPU.Build.0 = Release|Any CPU
		{AB12FB4D-F392-45B3-B277-03A30386F822}.Debug|Any CPU.ActiveCfg = Debug|Any CPU
		{AB12FB4D-F392-45B3-B277-03A30386F822}.Debug|Any CPU.Build.0 = Debug|Any CPU
		{AB12FB4D-F392-45B3-B277-03A30386F822}.Release|Any CPU.ActiveCfg = Release|Any CPU
		{AB12FB4D-F392-45B3-B277-03A30386F822}.Release|Any CPU.Build.0 = Release|Any CPU
		{7AD3DC96-543E-4151-8A0B-34B9021C84A5}.Debug|Any CPU.ActiveCfg = Debug|Any CPU
		{7AD3DC96-543E-4151-8A0B-34B9021C84A5}.Debug|Any CPU.Build.0 = Debug|Any CPU
		{7AD3DC96-543E-4151-8A0B-34B9021C84A5}.Release|Any CPU.ActiveCfg = Release|Any CPU
		{7AD3DC96-543E-4151-8A0B-34B9021C84A5}.Release|Any CPU.Build.0 = Release|Any CPU
		{EA4D9376-B426-41E2-848F-716A072F281C}.Debug|Any CPU.ActiveCfg = Debug|Any CPU
		{EA4D9376-B426-41E2-848F-716A072F281C}.Debug|Any CPU.Build.0 = Debug|Any CPU
		{EA4D9376-B426-41E2-848F-716A072F281C}.Release|Any CPU.ActiveCfg = Release|Any CPU
		{EA4D9376-B426-41E2-848F-716A072F281C}.Release|Any CPU.Build.0 = Release|Any CPU
		{82427EC9-2C7A-40F4-87AB-CE47CF33F9B5}.Debug|Any CPU.ActiveCfg = Debug|Any CPU
		{82427EC9-2C7A-40F4-87AB-CE47CF33F9B5}.Debug|Any CPU.Build.0 = Debug|Any CPU
		{82427EC9-2C7A-40F4-87AB-CE47CF33F9B5}.Release|Any CPU.ActiveCfg = Release|Any CPU
		{82427EC9-2C7A-40F4-87AB-CE47CF33F9B5}.Release|Any CPU.Build.0 = Release|Any CPU
		{4D8F7A5B-3789-4CFF-A1BD-8469AF48609E}.Debug|Any CPU.ActiveCfg = Debug|Any CPU
		{4D8F7A5B-3789-4CFF-A1BD-8469AF48609E}.Debug|Any CPU.Build.0 = Debug|Any CPU
		{4D8F7A5B-3789-4CFF-A1BD-8469AF48609E}.Release|Any CPU.ActiveCfg = Release|Any CPU
		{4D8F7A5B-3789-4CFF-A1BD-8469AF48609E}.Release|Any CPU.Build.0 = Release|Any CPU
		{0D686781-F1D5-405C-865E-DFCD4516EB0F}.Debug|Any CPU.ActiveCfg = Debug|Any CPU
		{0D686781-F1D5-405C-865E-DFCD4516EB0F}.Debug|Any CPU.Build.0 = Debug|Any CPU
		{0D686781-F1D5-405C-865E-DFCD4516EB0F}.Release|Any CPU.ActiveCfg = Release|Any CPU
		{0D686781-F1D5-405C-865E-DFCD4516EB0F}.Release|Any CPU.Build.0 = Release|Any CPU
		{EF526B89-60BB-480B-9D5E-891C30899C74}.Debug|Any CPU.ActiveCfg = Debug|Any CPU
		{EF526B89-60BB-480B-9D5E-891C30899C74}.Debug|Any CPU.Build.0 = Debug|Any CPU
		{EF526B89-60BB-480B-9D5E-891C30899C74}.Release|Any CPU.ActiveCfg = Release|Any CPU
		{EF526B89-60BB-480B-9D5E-891C30899C74}.Release|Any CPU.Build.0 = Release|Any CPU
		{207074F8-6E73-40AF-8502-816FAC109DC4}.Debug|Any CPU.ActiveCfg = Debug|Any CPU
		{207074F8-6E73-40AF-8502-816FAC109DC4}.Debug|Any CPU.Build.0 = Debug|Any CPU
		{207074F8-6E73-40AF-8502-816FAC109DC4}.Release|Any CPU.ActiveCfg = Release|Any CPU
		{207074F8-6E73-40AF-8502-816FAC109DC4}.Release|Any CPU.Build.0 = Release|Any CPU
		{DDDDA175-6F3F-499B-ACB2-C579AA656EEB}.Debug|Any CPU.ActiveCfg = Debug|Any CPU
		{DDDDA175-6F3F-499B-ACB2-C579AA656EEB}.Debug|Any CPU.Build.0 = Debug|Any CPU
		{DDDDA175-6F3F-499B-ACB2-C579AA656EEB}.Release|Any CPU.ActiveCfg = Release|Any CPU
		{DDDDA175-6F3F-499B-ACB2-C579AA656EEB}.Release|Any CPU.Build.0 = Release|Any CPU
		{35690040-AA46-40C7-B135-4F1F3A5F83F4}.Debug|Any CPU.ActiveCfg = Debug|Any CPU
		{35690040-AA46-40C7-B135-4F1F3A5F83F4}.Debug|Any CPU.Build.0 = Debug|Any CPU
		{35690040-AA46-40C7-B135-4F1F3A5F83F4}.Release|Any CPU.ActiveCfg = Release|Any CPU
		{35690040-AA46-40C7-B135-4F1F3A5F83F4}.Release|Any CPU.Build.0 = Release|Any CPU
		{B8CB80D5-98F7-4186-A2A3-54E390A29F1F}.Debug|Any CPU.ActiveCfg = Debug|Any CPU
		{B8CB80D5-98F7-4186-A2A3-54E390A29F1F}.Debug|Any CPU.Build.0 = Debug|Any CPU
		{B8CB80D5-98F7-4186-A2A3-54E390A29F1F}.Release|Any CPU.ActiveCfg = Release|Any CPU
		{B8CB80D5-98F7-4186-A2A3-54E390A29F1F}.Release|Any CPU.Build.0 = Release|Any CPU
		{36EF531A-787C-47AC-9A0D-E7D5E0FD0C28}.Debug|Any CPU.ActiveCfg = Debug|Any CPU
		{36EF531A-787C-47AC-9A0D-E7D5E0FD0C28}.Debug|Any CPU.Build.0 = Debug|Any CPU
		{36EF531A-787C-47AC-9A0D-E7D5E0FD0C28}.Release|Any CPU.ActiveCfg = Release|Any CPU
		{36EF531A-787C-47AC-9A0D-E7D5E0FD0C28}.Release|Any CPU.Build.0 = Release|Any CPU
		{F94FC4DA-9F15-4387-A275-092D2AD3D090}.Debug|Any CPU.ActiveCfg = Debug|Any CPU
		{F94FC4DA-9F15-4387-A275-092D2AD3D090}.Debug|Any CPU.Build.0 = Debug|Any CPU
		{F94FC4DA-9F15-4387-A275-092D2AD3D090}.Release|Any CPU.ActiveCfg = Release|Any CPU
		{F94FC4DA-9F15-4387-A275-092D2AD3D090}.Release|Any CPU.Build.0 = Release|Any CPU
		{35E63005-6AD5-486F-B6FB-7D22F627B9B8}.Debug|Any CPU.ActiveCfg = Debug|Any CPU
		{35E63005-6AD5-486F-B6FB-7D22F627B9B8}.Debug|Any CPU.Build.0 = Debug|Any CPU
		{35E63005-6AD5-486F-B6FB-7D22F627B9B8}.Release|Any CPU.ActiveCfg = Release|Any CPU
		{35E63005-6AD5-486F-B6FB-7D22F627B9B8}.Release|Any CPU.Build.0 = Release|Any CPU
		{EAA54511-736B-45EB-9899-57FA8BDD3174}.Debug|Any CPU.ActiveCfg = Debug|Any CPU
		{EAA54511-736B-45EB-9899-57FA8BDD3174}.Debug|Any CPU.Build.0 = Debug|Any CPU
		{EAA54511-736B-45EB-9899-57FA8BDD3174}.Release|Any CPU.ActiveCfg = Release|Any CPU
		{EAA54511-736B-45EB-9899-57FA8BDD3174}.Release|Any CPU.Build.0 = Release|Any CPU
		{D15A9BEA-7261-4478-897E-972607990A7A}.Debug|Any CPU.ActiveCfg = Debug|Any CPU
		{D15A9BEA-7261-4478-897E-972607990A7A}.Debug|Any CPU.Build.0 = Debug|Any CPU
		{D15A9BEA-7261-4478-897E-972607990A7A}.Release|Any CPU.ActiveCfg = Release|Any CPU
		{D15A9BEA-7261-4478-897E-972607990A7A}.Release|Any CPU.Build.0 = Release|Any CPU
		{997D6C52-4D55-4490-A466-7B31E8502D39}.Debug|Any CPU.ActiveCfg = Debug|Any CPU
		{997D6C52-4D55-4490-A466-7B31E8502D39}.Debug|Any CPU.Build.0 = Debug|Any CPU
		{997D6C52-4D55-4490-A466-7B31E8502D39}.Release|Any CPU.ActiveCfg = Release|Any CPU
		{997D6C52-4D55-4490-A466-7B31E8502D39}.Release|Any CPU.Build.0 = Release|Any CPU
		{00C3A77D-EBBE-408E-9599-6034676E1ED1}.Debug|Any CPU.ActiveCfg = Debug|Any CPU
		{00C3A77D-EBBE-408E-9599-6034676E1ED1}.Debug|Any CPU.Build.0 = Debug|Any CPU
		{00C3A77D-EBBE-408E-9599-6034676E1ED1}.Release|Any CPU.ActiveCfg = Release|Any CPU
		{00C3A77D-EBBE-408E-9599-6034676E1ED1}.Release|Any CPU.Build.0 = Release|Any CPU
		{0BAF1990-15FC-471F-B14D-3291FB5C2EB7}.Debug|Any CPU.ActiveCfg = Debug|Any CPU
		{0BAF1990-15FC-471F-B14D-3291FB5C2EB7}.Debug|Any CPU.Build.0 = Debug|Any CPU
		{0BAF1990-15FC-471F-B14D-3291FB5C2EB7}.Release|Any CPU.ActiveCfg = Release|Any CPU
		{0BAF1990-15FC-471F-B14D-3291FB5C2EB7}.Release|Any CPU.Build.0 = Release|Any CPU
		{E255B51F-DF33-422C-88F8-009D003F8A29}.Debug|Any CPU.ActiveCfg = Debug|Any CPU
		{E255B51F-DF33-422C-88F8-009D003F8A29}.Debug|Any CPU.Build.0 = Debug|Any CPU
		{E255B51F-DF33-422C-88F8-009D003F8A29}.Release|Any CPU.ActiveCfg = Release|Any CPU
		{E255B51F-DF33-422C-88F8-009D003F8A29}.Release|Any CPU.Build.0 = Release|Any CPU
		{76DAC189-9D96-4F92-BE55-DABD28337D88}.Debug|Any CPU.ActiveCfg = Debug|Any CPU
		{76DAC189-9D96-4F92-BE55-DABD28337D88}.Debug|Any CPU.Build.0 = Debug|Any CPU
		{76DAC189-9D96-4F92-BE55-DABD28337D88}.Release|Any CPU.ActiveCfg = Release|Any CPU
		{76DAC189-9D96-4F92-BE55-DABD28337D88}.Release|Any CPU.Build.0 = Release|Any CPU
		{1B6F9D76-CF19-4142-8822-82418EA23A0A}.Debug|Any CPU.ActiveCfg = Debug|Any CPU
		{1B6F9D76-CF19-4142-8822-82418EA23A0A}.Debug|Any CPU.Build.0 = Debug|Any CPU
		{1B6F9D76-CF19-4142-8822-82418EA23A0A}.Release|Any CPU.ActiveCfg = Release|Any CPU
		{1B6F9D76-CF19-4142-8822-82418EA23A0A}.Release|Any CPU.Build.0 = Release|Any CPU
		{E3D5C9C8-B8B5-4960-97B0-58C0FDE5A4A8}.Debug|Any CPU.ActiveCfg = Debug|Any CPU
		{E3D5C9C8-B8B5-4960-97B0-58C0FDE5A4A8}.Debug|Any CPU.Build.0 = Debug|Any CPU
		{E3D5C9C8-B8B5-4960-97B0-58C0FDE5A4A8}.Release|Any CPU.ActiveCfg = Release|Any CPU
		{E3D5C9C8-B8B5-4960-97B0-58C0FDE5A4A8}.Release|Any CPU.Build.0 = Release|Any CPU
		{D2D01FC3-0F63-4849-A852-FBE378B60B25}.Debug|Any CPU.ActiveCfg = Debug|Any CPU
		{D2D01FC3-0F63-4849-A852-FBE378B60B25}.Debug|Any CPU.Build.0 = Debug|Any CPU
		{D2D01FC3-0F63-4849-A852-FBE378B60B25}.Release|Any CPU.ActiveCfg = Release|Any CPU
		{D2D01FC3-0F63-4849-A852-FBE378B60B25}.Release|Any CPU.Build.0 = Release|Any CPU
		{D72C06E9-9B94-4179-B46B-A47322CD617B}.Debug|Any CPU.ActiveCfg = Debug|Any CPU
		{D72C06E9-9B94-4179-B46B-A47322CD617B}.Debug|Any CPU.Build.0 = Debug|Any CPU
		{D72C06E9-9B94-4179-B46B-A47322CD617B}.Release|Any CPU.ActiveCfg = Release|Any CPU
		{D72C06E9-9B94-4179-B46B-A47322CD617B}.Release|Any CPU.Build.0 = Release|Any CPU
	EndGlobalSection
	GlobalSection(SolutionProperties) = preSolution
		HideSolutionNode = FALSE
	EndGlobalSection
	GlobalSection(NestedProjects) = preSolution
		{3CE831B4-B1EB-4C3B-9003-1668BB3A6226} = {468D48AE-C2F3-4F51-85BE-1EC0F4C3D000}
		{F38C0285-AC57-43E3-AF9D-D33CBB587CB7} = {468D48AE-C2F3-4F51-85BE-1EC0F4C3D000}
		{AB12FB4D-F392-45B3-B277-03A30386F822} = {468D48AE-C2F3-4F51-85BE-1EC0F4C3D000}
		{7AD3DC96-543E-4151-8A0B-34B9021C84A5} = {F7D572F8-5342-4EB3-A545-D336D27A5971}
		{EA4D9376-B426-41E2-848F-716A072F281C} = {F7D572F8-5342-4EB3-A545-D336D27A5971}
		{82427EC9-2C7A-40F4-87AB-CE47CF33F9B5} = {F7D572F8-5342-4EB3-A545-D336D27A5971}
		{4D8F7A5B-3789-4CFF-A1BD-8469AF48609E} = {468D48AE-C2F3-4F51-85BE-1EC0F4C3D000}
		{0D686781-F1D5-405C-865E-DFCD4516EB0F} = {0A74AFBF-30F1-45B3-8186-0501686CF892}
		{EF526B89-60BB-480B-9D5E-891C30899C74} = {0A74AFBF-30F1-45B3-8186-0501686CF892}
		{207074F8-6E73-40AF-8502-816FAC109DC4} = {0A74AFBF-30F1-45B3-8186-0501686CF892}
		{DDDDA175-6F3F-499B-ACB2-C579AA656EEB} = {0A74AFBF-30F1-45B3-8186-0501686CF892}
		{35690040-AA46-40C7-B135-4F1F3A5F83F4} = {468D48AE-C2F3-4F51-85BE-1EC0F4C3D000}
		{B8CB80D5-98F7-4186-A2A3-54E390A29F1F} = {0A74AFBF-30F1-45B3-8186-0501686CF892}
		{36EF531A-787C-47AC-9A0D-E7D5E0FD0C28} = {468D48AE-C2F3-4F51-85BE-1EC0F4C3D000}
		{F94FC4DA-9F15-4387-A275-092D2AD3D090} = {0A74AFBF-30F1-45B3-8186-0501686CF892}
		{35E63005-6AD5-486F-B6FB-7D22F627B9B8} = {0D7F5D95-184F-47A4-84A8-E1A636964BC2}
		{EAA54511-736B-45EB-9899-57FA8BDD3174} = {0D7F5D95-184F-47A4-84A8-E1A636964BC2}
		{D15A9BEA-7261-4478-897E-972607990A7A} = {0D7F5D95-184F-47A4-84A8-E1A636964BC2}
		{997D6C52-4D55-4490-A466-7B31E8502D39} = {79E2AFB2-EED1-4D9D-B2DD-44D6EB8A40BF}
		{00C3A77D-EBBE-408E-9599-6034676E1ED1} = {79E2AFB2-EED1-4D9D-B2DD-44D6EB8A40BF}
		{0BAF1990-15FC-471F-B14D-3291FB5C2EB7} = {79E2AFB2-EED1-4D9D-B2DD-44D6EB8A40BF}
		{E255B51F-DF33-422C-88F8-009D003F8A29} = {79E2AFB2-EED1-4D9D-B2DD-44D6EB8A40BF}
		{76DAC189-9D96-4F92-BE55-DABD28337D88} = {0D7F5D95-184F-47A4-84A8-E1A636964BC2}
		{1B6F9D76-CF19-4142-8822-82418EA23A0A} = {20DBBD99-3434-4C7D-AAF9-202E5BC7E304}
		{E3D5C9C8-B8B5-4960-97B0-58C0FDE5A4A8} = {20DBBD99-3434-4C7D-AAF9-202E5BC7E304}
		{D2D01FC3-0F63-4849-A852-FBE378B60B25} = {20DBBD99-3434-4C7D-AAF9-202E5BC7E304}
		{D72C06E9-9B94-4179-B46B-A47322CD617B} = {20DBBD99-3434-4C7D-AAF9-202E5BC7E304}
	EndGlobalSection
	GlobalSection(ExtensibilityGlobals) = postSolution
		SolutionGuid = {7FC0628A-5D24-4462-85D8-EA4DA8B73A08}
	EndGlobalSection
EndGlobal
